Microsoft Visual Studio Solution File, Format Version 11.00
# Visual Studio 2008

Project("{52143B18-711F-77C6-DAC7-003499CC060D}") = "Pallania", "Assembly-CSharp.csproj", "{609785C0-3A38-FE62-9A64-8619EACF68EA}"
EndProject
Project("{52143B18-711F-77C6-DAC7-003499CC060D}") = "Pallania", "Assembly-CSharp-Editor.csproj", "{13E943F6-B416-45BD-5284-E37515678096}"
EndProject
Global
	GlobalSection(SolutionConfigurationPlatforms) = preSolution
		Debug|Any CPU = Debug|Any CPU
		Release|Any CPU = Release|Any CPU
	EndGlobalSection
	GlobalSection(ProjectConfigurationPlatforms) = postSolution
		{609785C0-3A38-FE62-9A64-8619EACF68EA}.Debug|Any CPU.ActiveCfg = Debug|Any CPU
		{609785C0-3A38-FE62-9A64-8619EACF68EA}.Debug|Any CPU.Build.0 = Debug|Any CPU
		{609785C0-3A38-FE62-9A64-8619EACF68EA}.Release|Any CPU.ActiveCfg = Release|Any CPU
		{609785C0-3A38-FE62-9A64-8619EACF68EA}.Release|Any CPU.Build.0 = Release|Any CPU
		{13E943F6-B416-45BD-5284-E37515678096}.Debug|Any CPU.ActiveCfg = Debug|Any CPU
		{13E943F6-B416-45BD-5284-E37515678096}.Debug|Any CPU.Build.0 = Debug|Any CPU
		{13E943F6-B416-45BD-5284-E37515678096}.Release|Any CPU.ActiveCfg = Release|Any CPU
		{13E943F6-B416-45BD-5284-E37515678096}.Release|Any CPU.Build.0 = Release|Any CPU
	EndGlobalSection
	GlobalSection(SolutionProperties) = preSolution
		HideSolutionNode = FALSE
	EndGlobalSection
	GlobalSection(MonoDevelopProperties) = preSolution
		StartupItem = Assembly-CSharp.csproj
	EndGlobalSection
EndGlobal
